
Microsoft Visual Studio Solution File, Format Version 12.00
# Visual Studio Version 17
VisualStudioVersion = 17.14.36705.20
MinimumVisualStudioVersion = 10.0.40219.1
Project("{FAE04EC0-301F-11D3-BF4B-00C04F79EFBC}") = "GitPuller", "GitPuller.csproj", "{F031B08E-EE09-4A05-B910-2656A81693AC}"
EndProject
Project("{FAE04EC0-301F-11D3-BF4B-00C04F79EFBC}") = "GitPuller.WinUI", "GitPuller.WinUI\GitPuller.WinUI.csproj", "{EAAE2ED9-1F41-47F3-96FA-2E707497EECC}"
EndProject
Project("{FAE04EC0-301F-11D3-BF4B-00C04F79EFBC}") = "GitPuller.Core", "GitPuller.Core\GitPuller.Core.csproj", "{04CA3226-30DD-48DE-B458-E4411E04C22D}"
EndProject
Project("{2150E333-8FDC-42A3-9474-1A3956D46DE8}") = "tests", "tests", "{0AB3BF05-4346-4AA6-1389-037BE0695223}"
EndProject
Project("{FAE04EC0-301F-11D3-BF4B-00C04F79EFBC}") = "GitPuller.Core.Tests", "tests\GitPuller.Core.Tests\GitPuller.Core.Tests.csproj", "{4D435A9D-5A93-4AF0-BC4E-2A5226CF8903}"
EndProject
Global
	GlobalSection(SolutionConfigurationPlatforms) = preSolution
		Debug|Any CPU = Debug|Any CPU
		Debug|ARM64 = Debug|ARM64
		Debug|x64 = Debug|x64
		Debug|x86 = Debug|x86
		Release|Any CPU = Release|Any CPU
		Release|ARM64 = Release|ARM64
		Release|x64 = Release|x64
		Release|x86 = Release|x86
	EndGlobalSection
	GlobalSection(ProjectConfigurationPlatforms) = postSolution
		{F031B08E-EE09-4A05-B910-2656A81693AC}.Debug|Any CPU.ActiveCfg = Debug|Any CPU
		{F031B08E-EE09-4A05-B910-2656A81693AC}.Debug|Any CPU.Build.0 = Debug|Any CPU
		{F031B08E-EE09-4A05-B910-2656A81693AC}.Debug|ARM64.ActiveCfg = Debug|Any CPU
		{F031B08E-EE09-4A05-B910-2656A81693AC}.Debug|ARM64.Build.0 = Debug|Any CPU
		{F031B08E-EE09-4A05-B910-2656A81693AC}.Debug|x64.ActiveCfg = Debug|Any CPU
		{F031B08E-EE09-4A05-B910-2656A81693AC}.Debug|x64.Build.0 = Debug|Any CPU
		{F031B08E-EE09-4A05-B910-2656A81693AC}.Debug|x86.ActiveCfg = Debug|Any CPU
		{F031B08E-EE09-4A05-B910-2656A81693AC}.Debug|x86.Build.0 = Debug|Any CPU
		{F031B08E-EE09-4A05-B910-2656A81693AC}.Release|Any CPU.ActiveCfg = Release|Any CPU
		{F031B08E-EE09-4A05-B910-2656A81693AC}.Release|Any CPU.Build.0 = Release|Any CPU
		{F031B08E-EE09-4A05-B910-2656A81693AC}.Release|ARM64.ActiveCfg = Release|Any CPU
		{F031B08E-EE09-4A05-B910-2656A81693AC}.Release|ARM64.Build.0 = Release|Any CPU
		{F031B08E-EE09-4A05-B910-2656A81693AC}.Release|x64.ActiveCfg = Release|Any CPU
		{F031B08E-EE09-4A05-B910-2656A81693AC}.Release|x64.Build.0 = Release|Any CPU
		{F031B08E-EE09-4A05-B910-2656A81693AC}.Release|x86.ActiveCfg = Release|Any CPU
		{F031B08E-EE09-4A05-B910-2656A81693AC}.Release|x86.Build.0 = Release|Any CPU
		{EAAE2ED9-1F41-47F3-96FA-2E707497EECC}.Debug|Any CPU.ActiveCfg = Debug|x64
		{EAAE2ED9-1F41-47F3-96FA-2E707497EECC}.Debug|Any CPU.Build.0 = Debug|x64
		{EAAE2ED9-1F41-47F3-96FA-2E707497EECC}.Debug|ARM64.ActiveCfg = Debug|ARM64
		{EAAE2ED9-1F41-47F3-96FA-2E707497EECC}.Debug|ARM64.Build.0 = Debug|ARM64
		{EAAE2ED9-1F41-47F3-96FA-2E707497EECC}.Debug|x64.ActiveCfg = Debug|x64
		{EAAE2ED9-1F41-47F3-96FA-2E707497EECC}.Debug|x64.Build.0 = Debug|x64
		{EAAE2ED9-1F41-47F3-96FA-2E707497EECC}.Debug|x86.ActiveCfg = Debug|x86
		{EAAE2ED9-1F41-47F3-96FA-2E707497EECC}.Debug|x86.Build.0 = Debug|x86
		{EAAE2ED9-1F41-47F3-96FA-2E707497EECC}.Release|Any CPU.ActiveCfg = Release|x64
		{EAAE2ED9-1F41-47F3-96FA-2E707497EECC}.Release|Any CPU.Build.0 = Release|x64
		{EAAE2ED9-1F41-47F3-96FA-2E707497EECC}.Release|ARM64.ActiveCfg = Release|ARM64
		{EAAE2ED9-1F41-47F3-96FA-2E707497EECC}.Release|ARM64.Build.0 = Release|ARM64
		{EAAE2ED9-1F41-47F3-96FA-2E707497EECC}.Release|x64.ActiveCfg = Release|x64
		{EAAE2ED9-1F41-47F3-96FA-2E707497EECC}.Release|x64.Build.0 = Release|x64
		{EAAE2ED9-1F41-47F3-96FA-2E707497EECC}.Release|x86.ActiveCfg = Release|x86
		{EAAE2ED9-1F41-47F3-96FA-2E707497EECC}.Release|x86.Build.0 = Release|x86
		{04CA3226-30DD-48DE-B458-E4411E04C22D}.Debug|Any CPU.ActiveCfg = Debug|Any CPU
		{04CA3226-30DD-48DE-B458-E4411E04C22D}.Debug|Any CPU.Build.0 = Debug|Any CPU
		{04CA3226-30DD-48DE-B458-E4411E04C22D}.Debug|ARM64.ActiveCfg = Debug|Any CPU
		{04CA3226-30DD-48DE-B458-E4411E04C22D}.Debug|ARM64.Build.0 = Debug|Any CPU
		{04CA3226-30DD-48DE-B458-E4411E04C22D}.Debug|x64.ActiveCfg = Debug|Any CPU
		{04CA3226-30DD-48DE-B458-E4411E04C22D}.Debug|x64.Build.0 = Debug|Any CPU
		{04CA3226-30DD-48DE-B458-E4411E04C22D}.Debug|x86.ActiveCfg = Debug|Any CPU
		{04CA3226-30DD-48DE-B458-E4411E04C22D}.Debug|x86.Build.0 = Debug|Any CPU
		{04CA3226-30DD-48DE-B458-E4411E04C22D}.Release|Any CPU.ActiveCfg = Release|Any CPU
		{04CA3226-30DD-48DE-B458-E4411E04C22D}.Release|Any CPU.Build.0 = Release|Any CPU
		{04CA3226-30DD-48DE-B458-E4411E04C22D}.Release|ARM64.ActiveCfg = Release|Any CPU
		{04CA3226-30DD-48DE-B458-E4411E04C22D}.Release|ARM64.Build.0 = Release|Any CPU
		{04CA3226-30DD-48DE-B458-E4411E04C22D}.Release|x64.ActiveCfg = Release|Any CPU
		{04CA3226-30DD-48DE-B458-E4411E04C22D}.Release|x64.Build.0 = Release|Any CPU
		{04CA3226-30DD-48DE-B458-E4411E04C22D}.Release|x86.ActiveCfg = Release|Any CPU
		{04CA3226-30DD-48DE-B458-E4411E04C22D}.Release|x86.Build.0 = Release|Any CPU
		{4D435A9D-5A93-4AF0-BC4E-2A5226CF8903}.Debug|Any CPU.ActiveCfg = Debug|Any CPU
		{4D435A9D-5A93-4AF0-BC4E-2A5226CF8903}.Debug|Any CPU.Build.0 = Debug|Any CPU
		{4D435A9D-5A93-4AF0-BC4E-2A5226CF8903}.Debug|ARM64.ActiveCfg = Debug|Any CPU
		{4D435A9D-5A93-4AF0-BC4E-2A5226CF8903}.Debug|ARM64.Build.0 = Debug|Any CPU
		{4D435A9D-5A93-4AF0-BC4E-2A5226CF8903}.Debug|x64.ActiveCfg = Debug|Any CPU
		{4D435A9D-5A93-4AF0-BC4E-2A5226CF8903}.Debug|x64.Build.0 = Debug|Any CPU
		{4D435A9D-5A93-4AF0-BC4E-2A5226CF8903}.Debug|x86.ActiveCfg = Debug|Any CPU
		{4D435A9D-5A93-4AF0-BC4E-2A5226CF8903}.Debug|x86.Build.0 = Debug|Any CPU
		{4D435A9D-5A93-4AF0-BC4E-2A5226CF8903}.Release|Any CPU.ActiveCfg = Release|Any CPU
		{4D435A9D-5A93-4AF0-BC4E-2A5226CF8903}.Release|Any CPU.Build.0 = Release|Any CPU
		{4D435A9D-5A93-4AF0-BC4E-2A5226CF8903}.Release|ARM64.ActiveCfg = Release|Any CPU
		{4D435A9D-5A93-4AF0-BC4E-2A5226CF8903}.Release|ARM64.Build.0 = Release|Any CPU
		{4D435A9D-5A93-4AF0-BC4E-2A5226CF8903}.Release|x64.ActiveCfg = Release|Any CPU
		{4D435A9D-5A93-4AF0-BC4E-2A5226CF8903}.Release|x64.Build.0 = Release|Any CPU
		{4D435A9D-5A93-4AF0-BC4E-2A5226CF8903}.Release|x86.ActiveCfg = Release|Any CPU
		{4D435A9D-5A93-4AF0-BC4E-2A5226CF8903}.Release|x86.Build.0 = Release|Any CPU
	EndGlobalSection
	GlobalSection(SolutionProperties) = preSolution
		HideSolutionNode = FALSE
	EndGlobalSection
	GlobalSection(NestedProjects) = preSolution
		{4D435A9D-5A93-4AF0-BC4E-2A5226CF8903} = {0AB3BF05-4346-4AA6-1389-037BE0695223}
	EndGlobalSection
	GlobalSection(ExtensibilityGlobals) = postSolution
		SolutionGuid = {111982AA-5C2A-4603-8066-0A30A11F4E3B}
	EndGlobalSection
EndGlobal
